
Microsoft Visual Studio Solution File, Format Version 12.00
# Visual Studio Version 17
VisualStudioVersion = 17.3.32825.248
MinimumVisualStudioVersion = 10.0.40219.1
Project("{FAE04EC0-301F-11D3-BF4B-00C04F79EFBC}") = "WinFormsApp1", "WinFormsApp1.csproj", "{C2D4EE33-DAF2-48FC-B336-642E13DA6DCE}"
EndProject
Global
	GlobalSection(SolutionConfigurationPlatforms) = preSolution
		Debug|Any CPU = Debug|Any CPU
		Release|Any CPU = Release|Any CPU
	EndGlobalSection
	GlobalSection(ProjectConfigurationPlatforms) = postSolution
		{C2D4EE33-DAF2-48FC-B336-642E13DA6DCE}.Debug|Any CPU.ActiveCfg = Debug|Any CPU
		{C2D4EE33-DAF2-48FC-B336-642E13DA6DCE}.Debug|Any CPU.Build.0 = Debug|Any CPU
		{C2D4EE33-DAF2-48FC-B336-642E13DA6DCE}.Release|Any CPU.ActiveCfg = Release|Any CPU
		{C2D4EE33-DAF2-48FC-B336-642E13DA6DCE}.Release|Any CPU.Build.0 = Release|Any CPU
	EndGlobalSection
	GlobalSection(SolutionProperties) = preSolution
		HideSolutionNode = FALSE
	EndGlobalSection
	GlobalSection(ExtensibilityGlobals) = postSolution
		SolutionGuid = {BD092D47-6EE8-4104-8371-A91E920E3D28}
	EndGlobalSection
EndGlobal
